
Microsoft Visual Studio Solution File, Format Version 10.00
# Visual Studio 2008
Project("{FAE04EC0-301F-11D3-BF4B-00C04F79EFBC}") = "Ulbotech Decoder", "Ulbotech Decoder\Ulbotech Decoder.csproj", "{7B321D47-50C5-4D4B-AE1F-393EFF191F95}"
EndProject
Global
	GlobalSection(SolutionConfigurationPlatforms) = preSolution
		Debug|Any CPU = Debug|Any CPU
		Release|Any CPU = Release|Any CPU
	EndGlobalSection
	GlobalSection(ProjectConfigurationPlatforms) = postSolution
		{7B321D47-50C5-4D4B-AE1F-393EFF191F95}.Debug|Any CPU.ActiveCfg = Debug|Any CPU
		{7B321D47-50C5-4D4B-AE1F-393EFF191F95}.Debug|Any CPU.Build.0 = Debug|Any CPU
		{7B321D47-50C5-4D4B-AE1F-393EFF191F95}.Release|Any CPU.ActiveCfg = Release|Any CPU
		{7B321D47-50C5-4D4B-AE1F-393EFF191F95}.Release|Any CPU.Build.0 = Release|Any CPU
	EndGlobalSection
	GlobalSection(SolutionProperties) = preSolution
		HideSolutionNode = FALSE
	EndGlobalSection
EndGlobal
